// !$*UTF8*$!
{
	archiveVersion = 1;
	classes = {
	};
	objectVersion = 46;
	objects = {

/* Begin PBXBuildFile section */
		4FEB33732361155BB3D9E8E8 /* Pods_shopify_iosTests.framework in Frameworks */ = {isa = PBXBuildFile; fileRef = 376274687191028B75DEF2C9 /* Pods_shopify_iosTests.framework */; };
		8284AA9F1EB12FC30082DF42 /* AppDelegate.swift in Sources */ = {isa = PBXBuildFile; fileRef = 8284AA9E1EB12FC30082DF42 /* AppDelegate.swift */; };
		8284AAA11EB12FC30082DF42 /* ViewController.swift in Sources */ = {isa = PBXBuildFile; fileRef = 8284AAA01EB12FC30082DF42 /* ViewController.swift */; };
		8284AAA41EB12FC30082DF42 /* Main.storyboard in Resources */ = {isa = PBXBuildFile; fileRef = 8284AAA21EB12FC30082DF42 /* Main.storyboard */; };
		8284AAA61EB12FC30082DF42 /* Assets.xcassets in Resources */ = {isa = PBXBuildFile; fileRef = 8284AAA51EB12FC30082DF42 /* Assets.xcassets */; };
		8284AAA91EB12FC30082DF42 /* LaunchScreen.storyboard in Resources */ = {isa = PBXBuildFile; fileRef = 8284AAA71EB12FC30082DF42 /* LaunchScreen.storyboard */; };
		8284AAB41EB12FC30082DF42 /* shopify_iosTests.swift in Sources */ = {isa = PBXBuildFile; fileRef = 8284AAB31EB12FC30082DF42 /* shopify_iosTests.swift */; };
		CA77C8BC96AEF0113D296937 /* Pods_shopify_ios.framework in Frameworks */ = {isa = PBXBuildFile; fileRef = 5E1C179E420AC4AC77E5C24D /* Pods_shopify_ios.framework */; };
/* End PBXBuildFile section */

/* Begin PBXContainerItemProxy section */
		8284AAB01EB12FC30082DF42 /* PBXContainerItemProxy */ = {
			isa = PBXContainerItemProxy;
			containerPortal = 8284AA931EB12FC30082DF42 /* Project object */;
			proxyType = 1;
			remoteGlobalIDString = 8284AA9A1EB12FC30082DF42;
			remoteInfo = "shopify-ios";
		};
/* End PBXContainerItemProxy section */

/* Begin PBXFileReference section */
		376274687191028B75DEF2C9 /* Pods_shopify_iosTests.framework */ = {isa = PBXFileReference; explicitFileType = wrapper.framework; includeInIndex = 0; path = Pods_shopify_iosTests.framework; sourceTree = BUILT_PRODUCTS_DIR; };
		382D2E5E59804E9981039C0D /* Pods-shopify-iosTests.release.xcconfig */ = {isa = PBXFileReference; includeInIndex = 1; lastKnownFileType = text.xcconfig; name = "Pods-shopify-iosTests.release.xcconfig"; path = "Pods/Target Support Files/Pods-shopify-iosTests/Pods-shopify-iosTests.release.xcconfig"; sourceTree = "<group>"; };
		5E1C179E420AC4AC77E5C24D /* Pods_shopify_ios.framework */ = {isa = PBXFileReference; explicitFileType = wrapper.framework; includeInIndex = 0; path = Pods_shopify_ios.framework; sourceTree = BUILT_PRODUCTS_DIR; };
		607933DDAAEF4DFC03CB5B5D /* Pods-shopify-ios.debug.xcconfig */ = {isa = PBXFileReference; includeInIndex = 1; lastKnownFileType = text.xcconfig; name = "Pods-shopify-ios.debug.xcconfig"; path = "Pods/Target Support Files/Pods-shopify-ios/Pods-shopify-ios.debug.xcconfig"; sourceTree = "<group>"; };
		8284AA9B1EB12FC30082DF42 /* shopify-ios.app */ = {isa = PBXFileReference; explicitFileType = wrapper.application; includeInIndex = 0; path = "shopify-ios.app"; sourceTree = BUILT_PRODUCTS_DIR; };
		8284AA9E1EB12FC30082DF42 /* AppDelegate.swift */ = {isa = PBXFileReference; lastKnownFileType = sourcecode.swift; path = AppDelegate.swift; sourceTree = "<group>"; };
		8284AAA01EB12FC30082DF42 /* ViewController.swift */ = {isa = PBXFileReference; lastKnownFileType = sourcecode.swift; path = ViewController.swift; sourceTree = "<group>"; };
		8284AAA31EB12FC30082DF42 /* Base */ = {isa = PBXFileReference; lastKnownFileType = file.storyboard; name = Base; path = Base.lproj/Main.storyboard; sourceTree = "<group>"; };
		8284AAA51EB12FC30082DF42 /* Assets.xcassets */ = {isa = PBXFileReference; lastKnownFileType = folder.assetcatalog; path = Assets.xcassets; sourceTree = "<group>"; };
		8284AAA81EB12FC30082DF42 /* Base */ = {isa = PBXFileReference; lastKnownFileType = file.storyboard; name = Base; path = Base.lproj/LaunchScreen.storyboard; sourceTree = "<group>"; };
		8284AAAA1EB12FC30082DF42 /* Info.plist */ = {isa = PBXFileReference; lastKnownFileType = text.plist.xml; path = Info.plist; sourceTree = "<group>"; };
		8284AAAF1EB12FC30082DF42 /* shopify-iosTests.xctest */ = {isa = PBXFileReference; explicitFileType = wrapper.cfbundle; includeInIndex = 0; path = "shopify-iosTests.xctest"; sourceTree = BUILT_PRODUCTS_DIR; };
		8284AAB31EB12FC30082DF42 /* shopify_iosTests.swift */ = {isa = PBXFileReference; lastKnownFileType = sourcecode.swift; path = shopify_iosTests.swift; sourceTree = "<group>"; };
		8284AAB51EB12FC30082DF42 /* Info.plist */ = {isa = PBXFileReference; lastKnownFileType = text.plist.xml; path = Info.plist; sourceTree = "<group>"; };
		C612568463A278E01BA791A7 /* Pods-shopify-ios.release.xcconfig */ = {isa = PBXFileReference; includeInIndex = 1; lastKnownFileType = text.xcconfig; name = "Pods-shopify-ios.release.xcconfig"; path = "Pods/Target Support Files/Pods-shopify-ios/Pods-shopify-ios.release.xcconfig"; sourceTree = "<group>"; };
		CD8CFB007C01EEEB1D629D4B /* Pods-shopify-iosTests.debug.xcconfig */ = {isa = PBXFileReference; includeInIndex = 1; lastKnownFileType = text.xcconfig; name = "Pods-shopify-iosTests.debug.xcconfig"; path = "Pods/Target Support Files/Pods-shopify-iosTests/Pods-shopify-iosTests.debug.xcconfig"; sourceTree = "<group>"; };
/* End PBXFileReference section */

/* Begin PBXFrameworksBuildPhase section */
		8284AA981EB12FC30082DF42 /* Frameworks */ = {
			isa = PBXFrameworksBuildPhase;
			buildActionMask = 2147483647;
			files = (
				CA77C8BC96AEF0113D296937 /* Pods_shopify_ios.framework in Frameworks */,
			);
			runOnlyForDeploymentPostprocessing = 0;
		};
		8284AAAC1EB12FC30082DF42 /* Frameworks */ = {
			isa = PBXFrameworksBuildPhase;
			buildActionMask = 2147483647;
			files = (
				4FEB33732361155BB3D9E8E8 /* Pods_shopify_iosTests.framework in Frameworks */,
			);
			runOnlyForDeploymentPostprocessing = 0;
		};
/* End PBXFrameworksBuildPhase section */

/* Begin PBXGroup section */
		1C000960B65DD6F6D1A88FD4 /* Frameworks */ = {
			isa = PBXGroup;
			children = (
				5E1C179E420AC4AC77E5C24D /* Pods_shopify_ios.framework */,
				376274687191028B75DEF2C9 /* Pods_shopify_iosTests.framework */,
			);
			name = Frameworks;
			sourceTree = "<group>";
		};
		8284AA921EB12FC30082DF42 = {
			isa = PBXGroup;
			children = (
				8284AA9D1EB12FC30082DF42 /* shopify-ios */,
				8284AAB21EB12FC30082DF42 /* shopify-iosTests */,
				8284AA9C1EB12FC30082DF42 /* Products */,
				C26814630ED72FBAEC580A35 /* Pods */,
				1C000960B65DD6F6D1A88FD4 /* Frameworks */,
			);
			sourceTree = "<group>";
		};
		8284AA9C1EB12FC30082DF42 /* Products */ = {
			isa = PBXGroup;
			children = (
				8284AA9B1EB12FC30082DF42 /* shopify-ios.app */,
				8284AAAF1EB12FC30082DF42 /* shopify-iosTests.xctest */,
			);
			name = Products;
			sourceTree = "<group>";
		};
		8284AA9D1EB12FC30082DF42 /* shopify-ios */ = {
			isa = PBXGroup;
			children = (
				8284AA9E1EB12FC30082DF42 /* AppDelegate.swift */,
				8284AAA01EB12FC30082DF42 /* ViewController.swift */,
				8284AAA21EB12FC30082DF42 /* Main.storyboard */,
				8284AAA51EB12FC30082DF42 /* Assets.xcassets */,
				8284AAA71EB12FC30082DF42 /* LaunchScreen.storyboard */,
				8284AAAA1EB12FC30082DF42 /* Info.plist */,
			);
			path = "shopify-ios";
			sourceTree = "<group>";
		};
		8284AAB21EB12FC30082DF42 /* shopify-iosTests */ = {
			isa = PBXGroup;
			children = (
				8284AAB31EB12FC30082DF42 /* shopify_iosTests.swift */,
				8284AAB51EB12FC30082DF42 /* Info.plist */,
			);
			path = "shopify-iosTests";
			sourceTree = "<group>";
		};
		C26814630ED72FBAEC580A35 /* Pods */ = {
			isa = PBXGroup;
			children = (
				607933DDAAEF4DFC03CB5B5D /* Pods-shopify-ios.debug.xcconfig */,
				C612568463A278E01BA791A7 /* Pods-shopify-ios.release.xcconfig */,
				CD8CFB007C01EEEB1D629D4B /* Pods-shopify-iosTests.debug.xcconfig */,
				382D2E5E59804E9981039C0D /* Pods-shopify-iosTests.release.xcconfig */,
			);
			name = Pods;
			sourceTree = "<group>";
		};
/* End PBXGroup section */

/* Begin PBXNativeTarget section */
		8284AA9A1EB12FC30082DF42 /* shopify-ios */ = {
			isa = PBXNativeTarget;
			buildConfigurationList = 8284AAB81EB12FC30082DF42 /* Build configuration list for PBXNativeTarget "shopify-ios" */;
			buildPhases = (
				DAA4EB45A230471206E427F2 /* [CP] Check Pods Manifest.lock */,
				8284AA971EB12FC30082DF42 /* Sources */,
				8284AA981EB12FC30082DF42 /* Frameworks */,
				8284AA991EB12FC30082DF42 /* Resources */,
				BC503B9D23646B39A3C9431C /* [CP] Embed Pods Frameworks */,
				D9CE1C444FBDEA6C779564AE /* [CP] Copy Pods Resources */,
			);
			buildRules = (
			);
			dependencies = (
			);
			name = "shopify-ios";
			productName = "shopify-ios";
			productReference = 8284AA9B1EB12FC30082DF42 /* shopify-ios.app */;
			productType = "com.apple.product-type.application";
		};
		8284AAAE1EB12FC30082DF42 /* shopify-iosTests */ = {
			isa = PBXNativeTarget;
			buildConfigurationList = 8284AABB1EB12FC30082DF42 /* Build configuration list for PBXNativeTarget "shopify-iosTests" */;
			buildPhases = (
				E6BC0B468D2F2D563CE0FB51 /* [CP] Check Pods Manifest.lock */,
				8284AAAB1EB12FC30082DF42 /* Sources */,
				8284AAAC1EB12FC30082DF42 /* Frameworks */,
				8284AAAD1EB12FC30082DF42 /* Resources */,
				4257CB1035D117EC7590FD53 /* [CP] Embed Pods Frameworks */,
				155D3B0EEDB68601500E0F2A /* [CP] Copy Pods Resources */,
			);
			buildRules = (
			);
			dependencies = (
				8284AAB11EB12FC30082DF42 /* PBXTargetDependency */,
			);
			name = "shopify-iosTests";
			productName = "shopify-iosTests";
			productReference = 8284AAAF1EB12FC30082DF42 /* shopify-iosTests.xctest */;
			productType = "com.apple.product-type.bundle.unit-test";
		};
/* End PBXNativeTarget section */

/* Begin PBXProject section */
		8284AA931EB12FC30082DF42 /* Project object */ = {
			isa = PBXProject;
			attributes = {
				LastSwiftUpdateCheck = 0820;
				LastUpgradeCheck = 0820;
				ORGANIZATIONNAME = "Ashley Berger";
				TargetAttributes = {
					8284AA9A1EB12FC30082DF42 = {
						CreatedOnToolsVersion = 8.2.1;
						ProvisioningStyle = Automatic;
					};
					8284AAAE1EB12FC30082DF42 = {
						CreatedOnToolsVersion = 8.2.1;
						ProvisioningStyle = Automatic;
						TestTargetID = 8284AA9A1EB12FC30082DF42;
					};
				};
			};
			buildConfigurationList = 8284AA961EB12FC30082DF42 /* Build configuration list for PBXProject "shopify-ios" */;
			compatibilityVersion = "Xcode 3.2";
			developmentRegion = English;
			hasScannedForEncodings = 0;
			knownRegions = (
				en,
				Base,
			);
			mainGroup = 8284AA921EB12FC30082DF42;
			productRefGroup = 8284AA9C1EB12FC30082DF42 /* Products */;
			projectDirPath = "";
			projectRoot = "";
			targets = (
				8284AA9A1EB12FC30082DF42 /* shopify-ios */,
				8284AAAE1EB12FC30082DF42 /* shopify-iosTests */,
			);
		};
/* End PBXProject section */

/* Begin PBXResourcesBuildPhase section */
		8284AA991EB12FC30082DF42 /* Resources */ = {
			isa = PBXResourcesBuildPhase;
			buildActionMask = 2147483647;
			files = (
				8284AAA91EB12FC30082DF42 /* LaunchScreen.storyboard in Resources */,
				8284AAA61EB12FC30082DF42 /* Assets.xcassets in Resources */,
				8284AAA41EB12FC30082DF42 /* Main.storyboard in Resources */,
			);
			runOnlyForDeploymentPostprocessing = 0;
		};
		8284AAAD1EB12FC30082DF42 /* Resources */ = {
			isa = PBXResourcesBuildPhase;
			buildActionMask = 2147483647;
			files = (
			);
			runOnlyForDeploymentPostprocessing = 0;
		};
/* End PBXResourcesBuildPhase section */

/* Begin PBXShellScriptBuildPhase section */
		155D3B0EEDB68601500E0F2A /* [CP] Copy Pods Resources */ = {
			isa = PBXShellScriptBuildPhase;
			buildActionMask = 2147483647;
			files = (
			);
			inputPaths = (
			);
			name = "[CP] Copy Pods Resources";
			outputPaths = (
			);
			runOnlyForDeploymentPostprocessing = 0;
			shellPath = /bin/sh;
			shellScript = "\"${SRCROOT}/Pods/Target Support Files/Pods-shopify-iosTests/Pods-shopify-iosTests-resources.sh\"\n";
			showEnvVarsInLog = 0;
		};
		4257CB1035D117EC7590FD53 /* [CP] Embed Pods Frameworks */ = {
			isa = PBXShellScriptBuildPhase;
			buildActionMask = 2147483647;
			files = (
			);
			inputPaths = (
			);
			name = "[CP] Embed Pods Frameworks";
			outputPaths = (
			);
			runOnlyForDeploymentPostprocessing = 0;
			shellPath = /bin/sh;
			shellScript = "\"${SRCROOT}/Pods/Target Support Files/Pods-shopify-iosTests/Pods-shopify-iosTests-frameworks.sh\"\n";
			showEnvVarsInLog = 0;
		};
		BC503B9D23646B39A3C9431C /* [CP] Embed Pods Frameworks */ = {
			isa = PBXShellScriptBuildPhase;
			buildActionMask = 2147483647;
			files = (
			);
			inputPaths = (
			);
			name = "[CP] Embed Pods Frameworks";
			outputPaths = (
			);
			runOnlyForDeploymentPostprocessing = 0;
			shellPath = /bin/sh;
			shellScript = "\"${SRCROOT}/Pods/Target Support Files/Pods-shopify-ios/Pods-shopify-ios-frameworks.sh\"\n";
			showEnvVarsInLog = 0;
		};
		D9CE1C444FBDEA6C779564AE /* [CP] Copy Pods Resources */ = {
			isa = PBXShellScriptBuildPhase;
			buildActionMask = 2147483647;
			files = (
			);
			inputPaths = (
			);
			name = "[CP] Copy Pods Resources";
			outputPaths = (
			);
			runOnlyForDeploymentPostprocessing = 0;
			shellPath = /bin/sh;
			shellScript = "\"${SRCROOT}/Pods/Target Support Files/Pods-shopify-ios/Pods-shopify-ios-resources.sh\"\n";
			showEnvVarsInLog = 0;
		};
		DAA4EB45A230471206E427F2 /* [CP] Check Pods Manifest.lock */ = {
			isa = PBXShellScriptBuildPhase;
			buildActionMask = 2147483647;
			files = (
			);
			inputPaths = (
			);
			name = "[CP] Check Pods Manifest.lock";
			outputPaths = (
			);
			runOnlyForDeploymentPostprocessing = 0;
			shellPath = /bin/sh;
			shellScript = "diff \"${PODS_ROOT}/../Podfile.lock\" \"${PODS_ROOT}/Manifest.lock\" > /dev/null\nif [ $? != 0 ] ; then\n    # print error to STDERR\n    echo \"error: The sandbox is not in sync with the Podfile.lock. Run 'pod install' or update your CocoaPods installation.\" >&2\n    exit 1\nfi\n";
			showEnvVarsInLog = 0;
		};
		E6BC0B468D2F2D563CE0FB51 /* [CP] Check Pods Manifest.lock */ = {
			isa = PBXShellScriptBuildPhase;
			buildActionMask = 2147483647;
			files = (
			);
			inputPaths = (
			);
			name = "[CP] Check Pods Manifest.lock";
			outputPaths = (
			);
			runOnlyForDeploymentPostprocessing = 0;
			shellPath = /bin/sh;
			shellScript = "diff \"${PODS_ROOT}/../Podfile.lock\" \"${PODS_ROOT}/Manifest.lock\" > /dev/null\nif [ $? != 0 ] ; then\n    # print error to STDERR\n    echo \"error: The sandbox is not in sync with the Podfile.lock. Run 'pod install' or update your CocoaPods installation.\" >&2\n    exit 1\nfi\n";
			showEnvVarsInLog = 0;
		};
/* End PBXShellScriptBuildPhase section */

/* Begin PBXSourcesBuildPhase section */
		8284AA971EB12FC30082DF42 /* Sources */ = {
			isa = PBXSourcesBuildPhase;
			buildActionMask = 2147483647;
			files = (
				8284AAA11EB12FC30082DF42 /* ViewController.swift in Sources */,
				8284AA9F1EB12FC30082DF42 /* AppDelegate.swift in Sources */,
			);
			runOnlyForDeploymentPostprocessing = 0;
		};
		8284AAAB1EB12FC30082DF42 /* Sources */ = {
			isa = PBXSourcesBuildPhase;
			buildActionMask = 2147483647;
			files = (
				8284AAB41EB12FC30082DF42 /* shopify_iosTests.swift in Sources */,
			);
			runOnlyForDeploymentPostprocessing = 0;
		};
/* End PBXSourcesBuildPhase section */

/* Begin PBXTargetDependency section */
		8284AAB11EB12FC30082DF42 /* PBXTargetDependency */ = {
			isa = PBXTargetDependency;
			target = 8284AA9A1EB12FC30082DF42 /* shopify-ios */;
			targetProxy = 8284AAB01EB12FC30082DF42 /* PBXContainerItemProxy */;
		};
/* End PBXTargetDependency section */

/* Begin PBXVariantGroup section */
		8284AAA21EB12FC30082DF42 /* Main.storyboard */ = {
			isa = PBXVariantGroup;
			children = (
				8284AAA31EB12FC30082DF42 /* Base */,
			);
			name = Main.storyboard;
			sourceTree = "<group>";
		};
		8284AAA71EB12FC30082DF42 /* LaunchScreen.storyboard */ = {
			isa = PBXVariantGroup;
			children = (
				8284AAA81EB12FC30082DF42 /* Base */,
			);
			name = LaunchScreen.storyboard;
			sourceTree = "<group>";
		};
/* End PBXVariantGroup section */

/* Begin XCBuildConfiguration section */
		8284AAB61EB12FC30082DF42 /* Debug */ = {
			isa = XCBuildConfiguration;
			buildSettings = {
				ALWAYS_SEARCH_USER_PATHS = NO;
				CLANG_ANALYZER_NONNULL = YES;
				CLANG_CXX_LANGUAGE_STANDARD = "gnu++0x";
				CLANG_CXX_LIBRARY = "libc++";
				CLANG_ENABLE_MODULES = YES;
				CLANG_ENABLE_OBJC_ARC = YES;
				CLANG_WARN_BOOL_CONVERSION = YES;
				CLANG_WARN_CONSTANT_CONVERSION = YES;
				CLANG_WARN_DIRECT_OBJC_ISA_USAGE = YES_ERROR;
				CLANG_WARN_DOCUMENTATION_COMMENTS = YES;
				CLANG_WARN_EMPTY_BODY = YES;
				CLANG_WARN_ENUM_CONVERSION = YES;
				CLANG_WARN_INFINITE_RECURSION = YES;
				CLANG_WARN_INT_CONVERSION = YES;
				CLANG_WARN_OBJC_ROOT_CLASS = YES_ERROR;
				CLANG_WARN_SUSPICIOUS_MOVE = YES;
				CLANG_WARN_UNREACHABLE_CODE = YES;
				CLANG_WARN__DUPLICATE_METHOD_MATCH = YES;
				"CODE_SIGN_IDENTITY[sdk=iphoneos*]" = "iPhone Developer";
				COPY_PHASE_STRIP = NO;
				DEBUG_INFORMATION_FORMAT = dwarf;
				ENABLE_STRICT_OBJC_MSGSEND = YES;
				ENABLE_TESTABILITY = YES;
				GCC_C_LANGUAGE_STANDARD = gnu99;
				GCC_DYNAMIC_NO_PIC = NO;
				GCC_NO_COMMON_BLOCKS = YES;
				GCC_OPTIMIZATION_LEVEL = 0;
				GCC_PREPROCESSOR_DEFINITIONS = (
					"DEBUG=1",
					"$(inherited)",
				);
				GCC_WARN_64_TO_32_BIT_CONVERSION = YES;
				GCC_WARN_ABOUT_RETURN_TYPE = YES_ERROR;
				GCC_WARN_UNDECLARED_SELECTOR = YES;
				GCC_WARN_UNINITIALIZED_AUTOS = YES_AGGRESSIVE;
				GCC_WARN_UNUSED_FUNCTION = YES;
				GCC_WARN_UNUSED_VARIABLE = YES;
				IPHONEOS_DEPLOYMENT_TARGET = 10.2;
				MTL_ENABLE_DEBUG_INFO = YES;
				ONLY_ACTIVE_ARCH = YES;
				SDKROOT = iphoneos;
				SWIFT_ACTIVE_COMPILATION_CONDITIONS = DEBUG;
				SWIFT_OPTIMIZATION_LEVEL = "-Onone";
			};
			name = Debug;
		};
		8284AAB71EB12FC30082DF42 /* Release */ = {
			isa = XCBuildConfiguration;
			buildSettings = {
				ALWAYS_SEARCH_USER_PATHS = NO;
				CLANG_ANALYZER_NONNULL = YES;
				CLANG_CXX_LANGUAGE_STANDARD = "gnu++0x";
				CLANG_CXX_LIBRARY = "libc++";
				CLANG_ENABLE_MODULES = YES;
				CLANG_ENABLE_OBJC_ARC = YES;
				CLANG_WARN_BOOL_CONVERSION = YES;
				CLANG_WARN_CONSTANT_CONVERSION = YES;
				CLANG_WARN_DIRECT_OBJC_ISA_USAGE = YES_ERROR;
				CLANG_WARN_DOCUMENTATION_COMMENTS = YES;
				CLANG_WARN_EMPTY_BODY = YES;
				CLANG_WARN_ENUM_CONVERSION = YES;
				CLANG_WARN_INFINITE_RECURSION = YES;
				CLANG_WARN_INT_CONVERSION = YES;
				CLANG_WARN_OBJC_ROOT_CLASS = YES_ERROR;
				CLANG_WARN_SUSPICIOUS_MOVE = YES;
				CLANG_WARN_UNREACHABLE_CODE = YES;
				CLANG_WARN__DUPLICATE_METHOD_MATCH = YES;
				"CODE_SIGN_IDENTITY[sdk=iphoneos*]" = "iPhone Developer";
				COPY_PHASE_STRIP = NO;
				DEBUG_INFORMATION_FORMAT = "dwarf-with-dsym";
				ENABLE_NS_ASSERTIONS = NO;
				ENABLE_STRICT_OBJC_MSGSEND = YES;
				GCC_C_LANGUAGE_STANDARD = gnu99;
				GCC_NO_COMMON_BLOCKS = YES;
				GCC_WARN_64_TO_32_BIT_CONVERSION = YES;
				GCC_WARN_ABOUT_RETURN_TYPE = YES_ERROR;
				GCC_WARN_UNDECLARED_SELECTOR = YES;
				GCC_WARN_UNINITIALIZED_AUTOS = YES_AGGRESSIVE;
				GCC_WARN_UNUSED_FUNCTION = YES;
				GCC_WARN_UNUSED_VARIABLE = YES;
				IPHONEOS_DEPLOYMENT_TARGET = 10.2;
				MTL_ENABLE_DEBUG_INFO = NO;
				SDKROOT = iphoneos;
				SWIFT_OPTIMIZATION_LEVEL = "-Owholemodule";
				VALIDATE_PRODUCT = YES;
			};
			name = Release;
		};
		8284AAB91EB12FC30082DF42 /* Debug */ = {
			isa = XCBuildConfiguration;
			baseConfigurationReference = 607933DDAAEF4DFC03CB5B5D /* Pods-shopify-ios.debug.xcconfig */;
			buildSettings = {
				ASSETCATALOG_COMPILER_APPICON_NAME = AppIcon;
				INFOPLIST_FILE = "shopify-ios/Info.plist";
				LD_RUNPATH_SEARCH_PATHS = "$(inherited) @executable_path/Frameworks";
				PRODUCT_BUNDLE_IDENTIFIER = "abrgrr.shopify-ios";
				PRODUCT_NAME = "$(TARGET_NAME)";
				SWIFT_VERSION = 3.0;
			};
			name = Debug;
		};
		8284AABA1EB12FC30082DF42 /* Release */ = {
			isa = XCBuildConfiguration;
			baseConfigurationReference = C612568463A278E01BA791A7 /* Pods-shopify-ios.release.xcconfig */;
			buildSettings = {
				ASSETCATALOG_COMPILER_APPICON_NAME = AppIcon;
				INFOPLIST_FILE = "shopify-ios/Info.plist";
				LD_RUNPATH_SEARCH_PATHS = "$(inherited) @executable_path/Frameworks";
				PRODUCT_BUNDLE_IDENTIFIER = "abrgrr.shopify-ios";
				PRODUCT_NAME = "$(TARGET_NAME)";
				SWIFT_VERSION = 3.0;
			};
			name = Release;
		};
		8284AABC1EB12FC30082DF42 /* Debug */ = {
			isa = XCBuildConfiguration;
			baseConfigurationReference = CD8CFB007C01EEEB1D629D4B /* Pods-shopify-iosTests.debug.xcconfig */;
			buildSettings = {
				ALWAYS_EMBED_SWIFT_STANDARD_LIBRARIES = YES;
				BUNDLE_LOADER = "$(TEST_HOST)";
				INFOPLIST_FILE = "shopify-iosTests/Info.plist";
				LD_RUNPATH_SEARCH_PATHS = "$(inherited) @executable_path/Frameworks @loader_path/Frameworks";
				PRODUCT_BUNDLE_IDENTIFIER = "abrgrr.shopify-iosTests";
				PRODUCT_NAME = "$(TARGET_NAME)";
				SWIFT_VERSION = 3.0;
				TEST_HOST = "$(BUILT_PRODUCTS_DIR)/shopify-ios.app/shopify-ios";
			};
			name = Debug;
		};
		8284AABD1EB12FC30082DF42 /* Release */ = {
			isa = XCBuildConfiguration;
			baseConfigurationReference = 382D2E5E59804E9981039C0D /* Pods-shopify-iosTests.release.xcconfig */;
			buildSettings = {
				ALWAYS_EMBED_SWIFT_STANDARD_LIBRARIES = YES;
				BUNDLE_LOADER = "$(TEST_HOST)";
				INFOPLIST_FILE = "shopify-iosTests/Info.plist";
				LD_RUNPATH_SEARCH_PATHS = "$(inherited) @executable_path/Frameworks @loader_path/Frameworks";
				PRODUCT_BUNDLE_IDENTIFIER = "abrgrr.shopify-iosTests";
				PRODUCT_NAME = "$(TARGET_NAME)";
				SWIFT_VERSION = 3.0;
				TEST_HOST = "$(BUILT_PRODUCTS_DIR)/shopify-ios.app/shopify-ios";
			};
			name = Release;
		};
/* End XCBuildConfiguration section */

/* Begin XCConfigurationList section */
		8284AA961EB12FC30082DF42 /* Build configuration list for PBXProject "shopify-ios" */ = {
			isa = XCConfigurationList;
			buildConfigurations = (
				8284AAB61EB12FC30082DF42 /* Debug */,
				8284AAB71EB12FC30082DF42 /* Release */,
			);
			defaultConfigurationIsVisible = 0;
			defaultConfigurationName = Release;
		};
		8284AAB81EB12FC30082DF42 /* Build configuration list for PBXNativeTarget "shopify-ios" */ = {
			isa = XCConfigurationList;
			buildConfigurations = (
				8284AAB91EB12FC30082DF42 /* Debug */,
				8284AABA1EB12FC30082DF42 /* Release */,
			);
			defaultConfigurationIsVisible = 0;
			defaultConfigurationName = Release;
		};
		8284AABB1EB12FC30082DF42 /* Build configuration list for PBXNativeTarget "shopify-iosTests" */ = {
			isa = XCConfigurationList;
			buildConfigurations = (
				8284AABC1EB12FC30082DF42 /* Debug */,
				8284AABD1EB12FC30082DF42 /* Release */,
			);
			defaultConfigurationIsVisible = 0;
			defaultConfigurationName = Release;
		};
/* End XCConfigurationList section */
	};
	rootObject = 8284AA931EB12FC30082DF42 /* Project object */;
}
